
Microsoft Visual Studio Solution File, Format Version 12.00
# Visual Studio Version 16
VisualStudioVersion = 16.0.34031.81
MinimumVisualStudioVersion = 10.0.40219.1
Project("{FAE04EC0-301F-11D3-BF4B-00C04F79EFBC}") = "A3", "A3\A3.csproj", "{41A21549-53FA-438F-AE85-4ABAC3EB7DC7}"
EndProject
Global
	GlobalSection(SolutionConfigurationPlatforms) = preSolution
		Debug|Any CPU = Debug|Any CPU
		Release|Any CPU = Release|Any CPU
	EndGlobalSection
	GlobalSection(ProjectConfigurationPlatforms) = postSolution
		{41A21549-53FA-438F-AE85-4ABAC3EB7DC7}.Debug|Any CPU.ActiveCfg = Debug|Any CPU
		{41A21549-53FA-438F-AE85-4ABAC3EB7DC7}.Debug|Any CPU.Build.0 = Debug|Any CPU
		{41A21549-53FA-438F-AE85-4ABAC3EB7DC7}.Release|Any CPU.ActiveCfg = Release|Any CPU
		{41A21549-53FA-438F-AE85-4ABAC3EB7DC7}.Release|Any CPU.Build.0 = Release|Any CPU
	EndGlobalSection
	GlobalSection(SolutionProperties) = preSolution
		HideSolutionNode = FALSE
	EndGlobalSection
	GlobalSection(ExtensibilityGlobals) = postSolution
		SolutionGuid = {F4FDFE5F-6B93-4531-91FA-2DA2962E8FBE}
	EndGlobalSection
EndGlobal
